
Microsoft Visual Studio Solution File, Format Version 12.00
# Visual Studio Version 17
VisualStudioVersion = 17.3.32929.385
MinimumVisualStudioVersion = 10.0.40219.1
Project("{FAE04EC0-301F-11D3-BF4B-00C04F79EFBC}") = "AutomationTestStore", "AutomationTestStore\AutomationTestStore.csproj", "{F39E7B3F-6FB2-4C0D-AFB1-ACB7B49D6DA6}"
EndProject
Global
	GlobalSection(SolutionConfigurationPlatforms) = preSolution
		Debug|Any CPU = Debug|Any CPU
		Release|Any CPU = Release|Any CPU
	EndGlobalSection
	GlobalSection(ProjectConfigurationPlatforms) = postSolution
		{F39E7B3F-6FB2-4C0D-AFB1-ACB7B49D6DA6}.Debug|Any CPU.ActiveCfg = Debug|Any CPU
		{F39E7B3F-6FB2-4C0D-AFB1-ACB7B49D6DA6}.Debug|Any CPU.Build.0 = Debug|Any CPU
		{F39E7B3F-6FB2-4C0D-AFB1-ACB7B49D6DA6}.Release|Any CPU.ActiveCfg = Release|Any CPU
		{F39E7B3F-6FB2-4C0D-AFB1-ACB7B49D6DA6}.Release|Any CPU.Build.0 = Release|Any CPU
	EndGlobalSection
	GlobalSection(SolutionProperties) = preSolution
		HideSolutionNode = FALSE
	EndGlobalSection
	GlobalSection(ExtensibilityGlobals) = postSolution
		SolutionGuid = {F2789380-6BF1-4F10-96BC-8060D2E041DA}
	EndGlobalSection
EndGlobal
